
Microsoft Visual Studio Solution File, Format Version 12.00
# Visual Studio Version 17
VisualStudioVersion = 17.9.34407.89
MinimumVisualStudioVersion = 10.0.40219.1
Project("{FAE04EC0-301F-11D3-BF4B-00C04F79EFBC}") = "Fx.Security", "Fx.Security.csproj", "{4CC2C4CE-9234-40B8-B470-7D4C281E82E0}"
EndProject
Project("{2150E333-8FDC-42A3-9474-1A3956D46DE8}") = "Test", "Test", "{5C19E160-73ED-4D5C-807F-10D57DD58FBA}"
EndProject
Project("{FAE04EC0-301F-11D3-BF4B-00C04F79EFBC}") = "Fx.Security.xTest", "..\Fx.Security.xTest\Fx.Security.xTest.csproj", "{C9B7BCEE-53CD-4A30-98B4-1C3B6F002932}"
EndProject
Global
	GlobalSection(SolutionConfigurationPlatforms) = preSolution
		Debug|Any CPU = Debug|Any CPU
		Release|Any CPU = Release|Any CPU
	EndGlobalSection
	GlobalSection(ProjectConfigurationPlatforms) = postSolution
		{4CC2C4CE-9234-40B8-B470-7D4C281E82E0}.Debug|Any CPU.ActiveCfg = Debug|Any CPU
		{4CC2C4CE-9234-40B8-B470-7D4C281E82E0}.Debug|Any CPU.Build.0 = Debug|Any CPU
		{4CC2C4CE-9234-40B8-B470-7D4C281E82E0}.Release|Any CPU.ActiveCfg = Release|Any CPU
		{4CC2C4CE-9234-40B8-B470-7D4C281E82E0}.Release|Any CPU.Build.0 = Release|Any CPU
		{C9B7BCEE-53CD-4A30-98B4-1C3B6F002932}.Debug|Any CPU.ActiveCfg = Debug|Any CPU
		{C9B7BCEE-53CD-4A30-98B4-1C3B6F002932}.Debug|Any CPU.Build.0 = Debug|Any CPU
		{C9B7BCEE-53CD-4A30-98B4-1C3B6F002932}.Release|Any CPU.ActiveCfg = Release|Any CPU
		{C9B7BCEE-53CD-4A30-98B4-1C3B6F002932}.Release|Any CPU.Build.0 = Release|Any CPU
	EndGlobalSection
	GlobalSection(SolutionProperties) = preSolution
		HideSolutionNode = FALSE
	EndGlobalSection
	GlobalSection(NestedProjects) = preSolution
		{C9B7BCEE-53CD-4A30-98B4-1C3B6F002932} = {5C19E160-73ED-4D5C-807F-10D57DD58FBA}
	EndGlobalSection
	GlobalSection(ExtensibilityGlobals) = postSolution
		SolutionGuid = {DB067D78-7BF6-458F-87B8-83CE14D2E2B2}
	EndGlobalSection
EndGlobal
